{
  "version": 4,
  "terraform_version": "1.0.9",
  "serial": 4,
  "lineage": "822234a0-af3d-5b77-e39b-4834a5d88251",
  "outputs": {
    "ip": {
      "value": "3.108.226.105",
      "type": "string"
    }
  },
  "resources": [
    {
      "mode": "data",
      "type": "aws_key_pair",
      "name": "example",
      "provider": "provider[\"registry.terraform.io/hashicorp/aws\"]",
      "instances": [
        {
          "schema_version": 0,
          "attributes": {
            "arn": "arn:aws:ec2:ap-south-1:467181725118:key-pair/loadtest",
            "create_time": "2022-11-25T07:31:23Z",
            "filter": null,
            "fingerprint": "75:3e:b1:7b:92:87:f3:dd:dd:d4:4b:f9:4a:39:1f:96:5d:a1:d3:8b",
            "id": "key-0b08ca38d586a4a44",
            "include_public_key": true,
            "key_name": "loadtest",
            "key_pair_id": "key-0b08ca38d586a4a44",
            "key_type": "rsa",
            "public_key": "ssh-rsa AAAAB3NzaC1yc2EAAAADAQABAAABAQCTufZPrPnTYQrwmcitWH5K7HrvWTYYTaewuY4IQOhKu7/4Ksx9kbToRb8Oj6NpZraBJFCAUzl1yvTQyOoMubL/Dr8+cnCBuX7jhqS4fJ/qyctXN1QxU2rBTWYtGr3vXRqY9G3xODjUNpTlccENY5WpJAUmn5Qkq9E7ixrvVtZJoxoXZRgjOaJPy4v1odp9utwOF+7h1+s2LE1lPt1X0g3TqTNxeY/mRASYYAEPvVN0Ns0k834LDtrf6O2GoAg7Tg2osoaOQQerHA4Lf1wR1PrhEq29Qrce5QG3tsZW1lZV+prhHOTehTq15+N+59IAavfwIph3PQx+fKbPtWj8i/bl loadtest",
            "tags": {},
            "timeouts": null
          },
          "sensitive_attributes": []
        }
      ]
    },
    {
      "mode": "managed",
      "type": "aws_instance",
      "name": "web",
      "provider": "provider[\"registry.terraform.io/hashicorp/aws\"]",
      "instances": [
        {
          "index_key": 0,
          "schema_version": 1,
          "attributes": {
            "ami": "ami-08f21006775cef002",
            "arn": "arn:aws:ec2:ap-south-1:467181725118:instance/i-0ddb9188b72eeff35",
            "associate_public_ip_address": true,
            "availability_zone": "ap-south-1c",
            "capacity_reservation_specification": [
              {
                "capacity_reservation_preference": "open",
                "capacity_reservation_target": []
              }
            ],
            "cpu_core_count": 1,
            "cpu_threads_per_core": 2,
            "credit_specification": [
              {
                "cpu_credits": "unlimited"
              }
            ],
            "disable_api_stop": false,
            "disable_api_termination": false,
            "ebs_block_device": [],
            "ebs_optimized": false,
            "enclave_options": [
              {
                "enabled": false
              }
            ],
            "ephemeral_block_device": [],
            "get_password_data": false,
            "hibernation": false,
            "host_id": null,
            "host_resource_group_arn": null,
            "iam_instance_profile": "",
            "id": "i-0ddb9188b72eeff35",
            "instance_initiated_shutdown_behavior": "stop",
            "instance_state": "running",
            "instance_type": "t3.micro",
            "ipv6_address_count": 0,
            "ipv6_addresses": [],
            "key_name": "loadtest",
            "launch_template": [],
            "maintenance_options": [
              {
                "auto_recovery": "default"
              }
            ],
            "metadata_options": [
              {
                "http_endpoint": "enabled",
                "http_put_response_hop_limit": 1,
                "http_tokens": "optional",
                "instance_metadata_tags": "disabled"
              }
            ],
            "monitoring": false,
            "network_interface": [],
            "outpost_arn": "",
            "password_data": "",
            "placement_group": "",
            "placement_partition_number": null,
            "primary_network_interface_id": "eni-08733d78f63d26240",
            "private_dns": "ip-172-31-18-191.ap-south-1.compute.internal",
            "private_dns_name_options": [
              {
                "enable_resource_name_dns_a_record": false,
                "enable_resource_name_dns_aaaa_record": false,
                "hostname_type": "ip-name"
              }
            ],
            "private_ip": "172.31.18.191",
            "public_dns": "ec2-3-108-226-105.ap-south-1.compute.amazonaws.com",
            "public_ip": "3.108.226.105",
            "root_block_device": [
              {
                "delete_on_termination": true,
                "device_name": "/dev/sda1",
                "encrypted": false,
                "iops": 100,
                "kms_key_id": "",
                "tags": {},
                "throughput": 0,
                "volume_id": "vol-0933ecc6d15a1bfc1",
                "volume_size": 8,
                "volume_type": "gp2"
              }
            ],
            "secondary_private_ips": [],
            "security_groups": [
              "loadtest"
            ],
            "source_dest_check": true,
            "subnet_id": "subnet-4c6b0f37",
            "tags": {
              "Name": "HelloWorld"
            },
            "tags_all": {
              "Name": "HelloWorld"
            },
            "tenancy": "default",
            "timeouts": null,
            "user_data": null,
            "user_data_base64": null,
            "user_data_replace_on_change": false,
            "volume_tags": null,
            "vpc_security_group_ids": [
              "sg-076e426e0b32fc984"
            ]
          },
          "sensitive_attributes": [],
          "private": "eyJlMmJmYjczMC1lY2FhLTExZTYtOGY4OC0zNDM2M2JjN2M0YzAiOnsiY3JlYXRlIjo2MDAwMDAwMDAwMDAsImRlbGV0ZSI6MTIwMDAwMDAwMDAwMCwidXBkYXRlIjo2MDAwMDAwMDAwMDB9LCJzY2hlbWFfdmVyc2lvbiI6IjEifQ==",
          "dependencies": [
            "data.aws_key_pair.example"
          ]
        }
      ]
    }
  ]
}
